Microsoft Visual Studio Solution File, Format Version 12.00
# Visual Studio Version 17
VisualStudioVersion = 17.5.2.0
MinimumVisualStudioVersion = 10.0.40219.1
Project("{FAE04EC0-301F-11D3-BF4B-00C04F79EFBC}") = "SkyCast", "SkyCastMega/SkyCast.csproj", "{1F2E2E46-198F-1F3E-A9FD-7B4FC1AFF0F1}"
EndProject
Global
	GlobalSection(SolutionConfigurationPlatforms) = preSolution
		Debug|Any CPU = Debug|Any CPU
		Release|Any CPU = Release|Any CPU
	EndGlobalSection
	GlobalSection(ProjectConfigurationPlatforms) = postSolution
		{1F2E2E46-198F-1F3E-A9FD-7B4FC1AFF0F1}.Debug|Any CPU.ActiveCfg = Debug|Any CPU
		{1F2E2E46-198F-1F3E-A9FD-7B4FC1AFF0F1}.Debug|Any CPU.Build.0 = Debug|Any CPU
		{1F2E2E46-198F-1F3E-A9FD-7B4FC1AFF0F1}.Release|Any CPU.ActiveCfg = Release|Any CPU
		{1F2E2E46-198F-1F3E-A9FD-7B4FC1AFF0F1}.Release|Any CPU.Build.0 = Release|Any CPU
	EndGlobalSection
	GlobalSection(SolutionProperties) = preSolution
		HideSolutionNode = FALSE
	EndGlobalSection
	GlobalSection(ExtensibilityGlobals) = postSolution
		SolutionGuid = {C7373060-A2B6-4A7B-8704-670390494C9A}
	EndGlobalSection
EndGlobal
